
Microsoft Visual Studio Solution File, Format Version 12.00
# Visual Studio Version 17
VisualStudioVersion = 17.11.35219.272
MinimumVisualStudioVersion = 10.0.40219.1
Project("{8BC9CEB8-8B4A-11D0-8D11-00A0C91BC942}") = "NamedPipeServer", "NamedPipeServer\NamedPipeServer.vcxproj", "{344D9881-7C84-4DD3-9655-6EE8E811B59A}"
EndProject
Project("{8BC9CEB8-8B4A-11D0-8D11-00A0C91BC942}") = "NamedPipeServerTest", "NamedPipeServerTest\NamedPipeServerTest.vcxproj", "{9785F1F9-EDAA-B361-2156-45EFC6FD268D}"
EndProject
Global
	GlobalSection(SolutionConfigurationPlatforms) = preSolution
		Debug|x64 = Debug|x64
		Debug|x86 = Debug|x86
		Release|x64 = Release|x64
		Release|x86 = Release|x86
	EndGlobalSection
	GlobalSection(ProjectConfigurationPlatforms) = postSolution
		{344D9881-7C84-4DD3-9655-6EE8E811B59A}.Debug|x64.ActiveCfg = Debug|x64
		{344D9881-7C84-4DD3-9655-6EE8E811B59A}.Debug|x64.Build.0 = Debug|x64
		{344D9881-7C84-4DD3-9655-6EE8E811B59A}.Debug|x86.ActiveCfg = Debug|Win32
		{344D9881-7C84-4DD3-9655-6EE8E811B59A}.Debug|x86.Build.0 = Debug|Win32
		{344D9881-7C84-4DD3-9655-6EE8E811B59A}.Release|x64.ActiveCfg = Release|x64
		{344D9881-7C84-4DD3-9655-6EE8E811B59A}.Release|x64.Build.0 = Release|x64
		{344D9881-7C84-4DD3-9655-6EE8E811B59A}.Release|x86.ActiveCfg = Release|Win32
		{344D9881-7C84-4DD3-9655-6EE8E811B59A}.Release|x86.Build.0 = Release|Win32
		{9785F1F9-EDAA-B361-2156-45EFC6FD268D}.Debug|x64.ActiveCfg = Debug|x64
		{9785F1F9-EDAA-B361-2156-45EFC6FD268D}.Debug|x64.Build.0 = Debug|x64
		{9785F1F9-EDAA-B361-2156-45EFC6FD268D}.Debug|x86.ActiveCfg = Debug|Win32
		{9785F1F9-EDAA-B361-2156-45EFC6FD268D}.Debug|x86.Build.0 = Debug|Win32
		{9785F1F9-EDAA-B361-2156-45EFC6FD268D}.Release|x64.ActiveCfg = Release|x64
		{9785F1F9-EDAA-B361-2156-45EFC6FD268D}.Release|x64.Build.0 = Release|x64
		{9785F1F9-EDAA-B361-2156-45EFC6FD268D}.Release|x86.ActiveCfg = Release|Win32
		{9785F1F9-EDAA-B361-2156-45EFC6FD268D}.Release|x86.Build.0 = Release|Win32
	EndGlobalSection
	GlobalSection(SolutionProperties) = preSolution
		HideSolutionNode = FALSE
	EndGlobalSection
	GlobalSection(ExtensibilityGlobals) = postSolution
		SolutionGuid = {D3703229-5AD3-463E-B6E1-6D40BFB3F708}
	EndGlobalSection
EndGlobal
